
Microsoft Visual Studio Solution File, Format Version 12.00
# Visual Studio Version 16
VisualStudioVersion = 16.0.33927.289
MinimumVisualStudioVersion = 10.0.40219.1
Project("{2150E333-8FDC-42A3-9474-1A3956D46DE8}") = "Task0", "Task0", "{8589F792-17EE-45EB-94B1-DA1052A82F8C}"
EndProject
Project("{2150E333-8FDC-42A3-9474-1A3956D46DE8}") = "Task1", "Task1", "{4437433E-EABD-47A2-A4FF-39E2200BAA9C}"
EndProject
Project("{FAE04EC0-301F-11D3-BF4B-00C04F79EFBC}") = "Tyuiu.KoevaSJ.Sprint3.Task0.V1", "Tyuiu.KoevaSJ.Sprint3.Task0.V1\Tyuiu.KoevaSJ.Sprint3.Task0.V1.csproj", "{8FD87CCF-496A-4D35-BA9A-93AF9781200B}"
EndProject
Project("{FAE04EC0-301F-11D3-BF4B-00C04F79EFBC}") = "Tyuiu.KoevaSJ.Sprint3.Task0.V1.Lib", "Tyuiu.KoevaSJ.Sprint3.Task0.V1.Lib\Tyuiu.KoevaSJ.Sprint3.Task0.V1.Lib.csproj", "{684CF1AE-1B03-4944-B196-224FD8C8969A}"
EndProject
Project("{FAE04EC0-301F-11D3-BF4B-00C04F79EFBC}") = "Tyuiu.KoevaSJ.Sprint3.Task0.V1.Test", "Tyuiu.KoevaSJ.Sprint3.Task0.V1.Test\Tyuiu.KoevaSJ.Sprint3.Task0.V1.Test.csproj", "{A42A4C45-3D1D-4F2F-B471-BC5C0BAF63DD}"
EndProject
Project("{FAE04EC0-301F-11D3-BF4B-00C04F79EFBC}") = "Tyuiu.KoevaSJ.Sprint3.Task1.V30", "Tyuiu.KoevaSJ.Sprint3.Task1.V30\Tyuiu.KoevaSJ.Sprint3.Task1.V30.csproj", "{0C5D5976-5E51-4AEA-9260-8DC5EDA77FFE}"
EndProject
Project("{FAE04EC0-301F-11D3-BF4B-00C04F79EFBC}") = "Tyuiu.KoevaSJ.Sprint3.Task1.V30.Test", "Tyuiu.KoevaSJ.Sprint3.Task1.V30.Test\Tyuiu.KoevaSJ.Sprint3.Task1.V30.Test.csproj", "{4687DFDE-568B-41A7-80B5-37C4195944FA}"
EndProject
Project("{FAE04EC0-301F-11D3-BF4B-00C04F79EFBC}") = "Tyuiu.KoevaSJ.Sprint3.Task1.V30.Lib", "Tyuiu.KoevaSJ.Sprint3.Task1.V30.Lib\Tyuiu.KoevaSJ.Sprint3.Task1.V30.Lib.csproj", "{2B186568-0F9D-4349-AB34-594528D262E2}"
EndProject
Project("{2150E333-8FDC-42A3-9474-1A3956D46DE8}") = "Task2", "Task2", "{BB678E3E-F20B-4655-96AC-7481BB1C4356}"
EndProject
Project("{FAE04EC0-301F-11D3-BF4B-00C04F79EFBC}") = "Tyuiu.KoevaSJ.Sprint3.Task2.V28", "Tyuiu.KoevaSJ.Sprint3.Task2.V28\Tyuiu.KoevaSJ.Sprint3.Task2.V28.csproj", "{E948FBE8-CBD4-408A-8FF3-0F62BF891507}"
EndProject
Project("{FAE04EC0-301F-11D3-BF4B-00C04F79EFBC}") = "Tyuiu.KoevaSJ.Sprint3.Task2.V28.Lib", "Tyuiu.KoevaSJ.Sprint3.Task2.V28.Lib\Tyuiu.KoevaSJ.Sprint3.Task2.V28.Lib.csproj", "{9DA92E3E-3C39-4C06-B7DE-5925FC0834BC}"
EndProject
Project("{FAE04EC0-301F-11D3-BF4B-00C04F79EFBC}") = "Tyuiu.KoevaSJ.Sprint3.Task2.V28.Test", "Tyuiu.KoevaSJ.Sprint3.Task2.V28.Test\Tyuiu.KoevaSJ.Sprint3.Task2.V28.Test.csproj", "{098E38FE-5437-4203-9C14-6D34B4CFA289}"
EndProject
Project("{2150E333-8FDC-42A3-9474-1A3956D46DE8}") = "Task3", "Task3", "{441DF999-A820-41A7-BA24-EFD639577414}"
EndProject
Project("{FAE04EC0-301F-11D3-BF4B-00C04F79EFBC}") = "Tyuiu.KoevaSJ.Sprint3.Task3.V6", "Tyuiu.KoevaSJ.Sprint3.Task3.V6\Tyuiu.KoevaSJ.Sprint3.Task3.V6.csproj", "{D26919A8-7ED5-4218-9EED-930B0CA7EED8}"
EndProject
Project("{FAE04EC0-301F-11D3-BF4B-00C04F79EFBC}") = "Tyuiu.KoevaSJ.Sprint3.Task3.V6.Lib", "Tyuiu.KoevaSJ.Sprint3.Task3.V6.Lib\Tyuiu.KoevaSJ.Sprint3.Task3.V6.Lib.csproj", "{A735413F-6386-4043-AB08-2CABBD595466}"
EndProject
Project("{FAE04EC0-301F-11D3-BF4B-00C04F79EFBC}") = "Tyuiu.KoevaSJ.Sprint3.Task3.V6.Test", "Tyuiu.KoevaSJ.Sprint3.Task3.V6.Test\Tyuiu.KoevaSJ.Sprint3.Task3.V6.Test.csproj", "{15EAD0A8-3EFF-4BD7-BE3C-521043ACDD5A}"
EndProject
Project("{2150E333-8FDC-42A3-9474-1A3956D46DE8}") = "Task4", "Task4", "{E93CF500-FF95-4D20-9B65-87F3D3EC569B}"
EndProject
Project("{FAE04EC0-301F-11D3-BF4B-00C04F79EFBC}") = "Tyuiu.KoevaSJ.Sprint3.Task4.V20", "Tyuiu.KoevaSJ.Sprint3.Task4.V20\Tyuiu.KoevaSJ.Sprint3.Task4.V20.csproj", "{0769904F-12DF-4E13-B748-D7571CD9D0AF}"
EndProject
Project("{FAE04EC0-301F-11D3-BF4B-00C04F79EFBC}") = "Tyuiu.KoevaSJ.Sprint3.Task4.V20.Test", "Tyuiu.KoevaSJ.Sprint3.Task4.V20.Test\Tyuiu.KoevaSJ.Sprint3.Task4.V20.Test.csproj", "{2E5A6F69-ADB0-4E42-A3D2-CDB9897C696B}"
EndProject
Project("{FAE04EC0-301F-11D3-BF4B-00C04F79EFBC}") = "Tyuiu.KoevaSJ.Sprint3.Task4.V20.Lib", "Tyuiu.KoevaSJ.Sprint3.Task4.V20.Lib\Tyuiu.KoevaSJ.Sprint3.Task4.V20.Lib.csproj", "{67C6ECF9-A48D-4231-BE0F-D081962A545C}"
EndProject
Global
	GlobalSection(SolutionConfigurationPlatforms) = preSolution
		Debug|Any CPU = Debug|Any CPU
		Release|Any CPU = Release|Any CPU
	EndGlobalSection
	GlobalSection(ProjectConfigurationPlatforms) = postSolution
		{8FD87CCF-496A-4D35-BA9A-93AF9781200B}.Debug|Any CPU.ActiveCfg = Debug|Any CPU
		{8FD87CCF-496A-4D35-BA9A-93AF9781200B}.Debug|Any CPU.Build.0 = Debug|Any CPU
		{8FD87CCF-496A-4D35-BA9A-93AF9781200B}.Release|Any CPU.ActiveCfg = Release|Any CPU
		{8FD87CCF-496A-4D35-BA9A-93AF9781200B}.Release|Any CPU.Build.0 = Release|Any CPU
		{684CF1AE-1B03-4944-B196-224FD8C8969A}.Debug|Any CPU.ActiveCfg = Debug|Any CPU
		{684CF1AE-1B03-4944-B196-224FD8C8969A}.Debug|Any CPU.Build.0 = Debug|Any CPU
		{684CF1AE-1B03-4944-B196-224FD8C8969A}.Release|Any CPU.ActiveCfg = Release|Any CPU
		{684CF1AE-1B03-4944-B196-224FD8C8969A}.Release|Any CPU.Build.0 = Release|Any CPU
		{A42A4C45-3D1D-4F2F-B471-BC5C0BAF63DD}.Debug|Any CPU.ActiveCfg = Debug|Any CPU
		{A42A4C45-3D1D-4F2F-B471-BC5C0BAF63DD}.Debug|Any CPU.Build.0 = Debug|Any CPU
		{A42A4C45-3D1D-4F2F-B471-BC5C0BAF63DD}.Release|Any CPU.ActiveCfg = Release|Any CPU
		{A42A4C45-3D1D-4F2F-B471-BC5C0BAF63DD}.Release|Any CPU.Build.0 = Release|Any CPU
		{0C5D5976-5E51-4AEA-9260-8DC5EDA77FFE}.Debug|Any CPU.ActiveCfg = Debug|Any CPU
		{0C5D5976-5E51-4AEA-9260-8DC5EDA77FFE}.Debug|Any CPU.Build.0 = Debug|Any CPU
		{0C5D5976-5E51-4AEA-9260-8DC5EDA77FFE}.Release|Any CPU.ActiveCfg = Release|Any CPU
		{0C5D5976-5E51-4AEA-9260-8DC5EDA77FFE}.Release|Any CPU.Build.0 = Release|Any CPU
		{4687DFDE-568B-41A7-80B5-37C4195944FA}.Debug|Any CPU.ActiveCfg = Debug|Any CPU
		{4687DFDE-568B-41A7-80B5-37C4195944FA}.Debug|Any CPU.Build.0 = Debug|Any CPU
		{4687DFDE-568B-41A7-80B5-37C4195944FA}.Release|Any CPU.ActiveCfg = Release|Any CPU
		{4687DFDE-568B-41A7-80B5-37C4195944FA}.Release|Any CPU.Build.0 = Release|Any CPU
		{2B186568-0F9D-4349-AB34-594528D262E2}.Debug|Any CPU.ActiveCfg = Debug|Any CPU
		{2B186568-0F9D-4349-AB34-594528D262E2}.Debug|Any CPU.Build.0 = Debug|Any CPU
		{2B186568-0F9D-4349-AB34-594528D262E2}.Release|Any CPU.ActiveCfg = Release|Any CPU
		{2B186568-0F9D-4349-AB34-594528D262E2}.Release|Any CPU.Build.0 = Release|Any CPU
		{E948FBE8-CBD4-408A-8FF3-0F62BF891507}.Debug|Any CPU.ActiveCfg = Debug|Any CPU
		{E948FBE8-CBD4-408A-8FF3-0F62BF891507}.Debug|Any CPU.Build.0 = Debug|Any CPU
		{E948FBE8-CBD4-408A-8FF3-0F62BF891507}.Release|Any CPU.ActiveCfg = Release|Any CPU
		{E948FBE8-CBD4-408A-8FF3-0F62BF891507}.Release|Any CPU.Build.0 = Release|Any CPU
		{9DA92E3E-3C39-4C06-B7DE-5925FC0834BC}.Debug|Any CPU.ActiveCfg = Debug|Any CPU
		{9DA92E3E-3C39-4C06-B7DE-5925FC0834BC}.Debug|Any CPU.Build.0 = Debug|Any CPU
		{9DA92E3E-3C39-4C06-B7DE-5925FC0834BC}.Release|Any CPU.ActiveCfg = Release|Any CPU
		{9DA92E3E-3C39-4C06-B7DE-5925FC0834BC}.Release|Any CPU.Build.0 = Release|Any CPU
		{098E38FE-5437-4203-9C14-6D34B4CFA289}.Debug|Any CPU.ActiveCfg = Debug|Any CPU
		{098E38FE-5437-4203-9C14-6D34B4CFA289}.Debug|Any CPU.Build.0 = Debug|Any CPU
		{098E38FE-5437-4203-9C14-6D34B4CFA289}.Release|Any CPU.ActiveCfg = Release|Any CPU
		{098E38FE-5437-4203-9C14-6D34B4CFA289}.Release|Any CPU.Build.0 = Release|Any CPU
		{D26919A8-7ED5-4218-9EED-930B0CA7EED8}.Debug|Any CPU.ActiveCfg = Debug|Any CPU
		{D26919A8-7ED5-4218-9EED-930B0CA7EED8}.Debug|Any CPU.Build.0 = Debug|Any CPU
		{D26919A8-7ED5-4218-9EED-930B0CA7EED8}.Release|Any CPU.ActiveCfg = Release|Any CPU
		{D26919A8-7ED5-4218-9EED-930B0CA7EED8}.Release|Any CPU.Build.0 = Release|Any CPU
		{A735413F-6386-4043-AB08-2CABBD595466}.Debug|Any CPU.ActiveCfg = Debug|Any CPU
		{A735413F-6386-4043-AB08-2CABBD595466}.Debug|Any CPU.Build.0 = Debug|Any CPU
		{A735413F-6386-4043-AB08-2CABBD595466}.Release|Any CPU.ActiveCfg = Release|Any CPU
		{A735413F-6386-4043-AB08-2CABBD595466}.Release|Any CPU.Build.0 = Release|Any CPU
		{15EAD0A8-3EFF-4BD7-BE3C-521043ACDD5A}.Debug|Any CPU.ActiveCfg = Debug|Any CPU
		{15EAD0A8-3EFF-4BD7-BE3C-521043ACDD5A}.Debug|Any CPU.Build.0 = Debug|Any CPU
		{15EAD0A8-3EFF-4BD7-BE3C-521043ACDD5A}.Release|Any CPU.ActiveCfg = Release|Any CPU
		{15EAD0A8-3EFF-4BD7-BE3C-521043ACDD5A}.Release|Any CPU.Build.0 = Release|Any CPU
		{0769904F-12DF-4E13-B748-D7571CD9D0AF}.Debug|Any CPU.ActiveCfg = Debug|Any CPU
		{0769904F-12DF-4E13-B748-D7571CD9D0AF}.Debug|Any CPU.Build.0 = Debug|Any CPU
		{0769904F-12DF-4E13-B748-D7571CD9D0AF}.Release|Any CPU.ActiveCfg = Release|Any CPU
		{0769904F-12DF-4E13-B748-D7571CD9D0AF}.Release|Any CPU.Build.0 = Release|Any CPU
		{2E5A6F69-ADB0-4E42-A3D2-CDB9897C696B}.Debug|Any CPU.ActiveCfg = Debug|Any CPU
		{2E5A6F69-ADB0-4E42-A3D2-CDB9897C696B}.Debug|Any CPU.Build.0 = Debug|Any CPU
		{2E5A6F69-ADB0-4E42-A3D2-CDB9897C696B}.Release|Any CPU.ActiveCfg = Release|Any CPU
		{2E5A6F69-ADB0-4E42-A3D2-CDB9897C696B}.Release|Any CPU.Build.0 = Release|Any CPU
		{67C6ECF9-A48D-4231-BE0F-D081962A545C}.Debug|Any CPU.ActiveCfg = Debug|Any CPU
		{67C6ECF9-A48D-4231-BE0F-D081962A545C}.Debug|Any CPU.Build.0 = Debug|Any CPU
		{67C6ECF9-A48D-4231-BE0F-D081962A545C}.Release|Any CPU.ActiveCfg = Release|Any CPU
		{67C6ECF9-A48D-4231-BE0F-D081962A545C}.Release|Any CPU.Build.0 = Release|Any CPU
	EndGlobalSection
	GlobalSection(SolutionProperties) = preSolution
		HideSolutionNode = FALSE
	EndGlobalSection
	GlobalSection(NestedProjects) = preSolution
		{8FD87CCF-496A-4D35-BA9A-93AF9781200B} = {8589F792-17EE-45EB-94B1-DA1052A82F8C}
		{684CF1AE-1B03-4944-B196-224FD8C8969A} = {8589F792-17EE-45EB-94B1-DA1052A82F8C}
		{A42A4C45-3D1D-4F2F-B471-BC5C0BAF63DD} = {8589F792-17EE-45EB-94B1-DA1052A82F8C}
		{0C5D5976-5E51-4AEA-9260-8DC5EDA77FFE} = {4437433E-EABD-47A2-A4FF-39E2200BAA9C}
		{4687DFDE-568B-41A7-80B5-37C4195944FA} = {4437433E-EABD-47A2-A4FF-39E2200BAA9C}
		{2B186568-0F9D-4349-AB34-594528D262E2} = {4437433E-EABD-47A2-A4FF-39E2200BAA9C}
		{E948FBE8-CBD4-408A-8FF3-0F62BF891507} = {BB678E3E-F20B-4655-96AC-7481BB1C4356}
		{9DA92E3E-3C39-4C06-B7DE-5925FC0834BC} = {BB678E3E-F20B-4655-96AC-7481BB1C4356}
		{098E38FE-5437-4203-9C14-6D34B4CFA289} = {BB678E3E-F20B-4655-96AC-7481BB1C4356}
		{D26919A8-7ED5-4218-9EED-930B0CA7EED8} = {441DF999-A820-41A7-BA24-EFD639577414}
		{A735413F-6386-4043-AB08-2CABBD595466} = {441DF999-A820-41A7-BA24-EFD639577414}
		{15EAD0A8-3EFF-4BD7-BE3C-521043ACDD5A} = {441DF999-A820-41A7-BA24-EFD639577414}
		{0769904F-12DF-4E13-B748-D7571CD9D0AF} = {E93CF500-FF95-4D20-9B65-87F3D3EC569B}
		{2E5A6F69-ADB0-4E42-A3D2-CDB9897C696B} = {E93CF500-FF95-4D20-9B65-87F3D3EC569B}
		{67C6ECF9-A48D-4231-BE0F-D081962A545C} = {E93CF500-FF95-4D20-9B65-87F3D3EC569B}
	EndGlobalSection
	GlobalSection(ExtensibilityGlobals) = postSolution
		SolutionGuid = {6B4EE065-2224-4960-B878-6173CF4CF22E}
	EndGlobalSection
EndGlobal
